// !$*UTF8*$!
{
	archiveVersion = 1;
	classes = {
	};
	objectVersion = 56;
	objects = {

/* Begin PBXBuildFile section */
		FA31835A2B55776600227CD5 /* AppDelegate.swift in Sources */ = {isa = PBXBuildFile; fileRef = FA3183592B55776600227CD5 /* AppDelegate.swift */; };
		FA31835C2B55776600227CD5 /* SceneDelegate.swift in Sources */ = {isa = PBXBuildFile; fileRef = FA31835B2B55776600227CD5 /* SceneDelegate.swift */; };
		FA31835E2B55776600227CD5 /* ViewController.swift in Sources */ = {isa = PBXBuildFile; fileRef = FA31835D2B55776600227CD5 /* ViewController.swift */; };
		FA3183612B55776600227CD5 /* Main.storyboard in Resources */ = {isa = PBXBuildFile; fileRef = FA31835F2B55776600227CD5 /* Main.storyboard */; };
		FA3183632B55776800227CD5 /* Assets.xcassets in Resources */ = {isa = PBXBuildFile; fileRef = FA3183622B55776800227CD5 /* Assets.xcassets */; };
		FA3183662B55776800227CD5 /* LaunchScreen.storyboard in Resources */ = {isa = PBXBuildFile; fileRef = FA3183642B55776800227CD5 /* LaunchScreen.storyboard */; };
		FA31836F2B5577C000227CD5 /* ETNetwork in Frameworks */ = {isa = PBXBuildFile; productRef = FA31836E2B5577C000227CD5 /* ETNetwork */; };
		FA3183732B557B0200227CD5 /* ServiceRepository.swift in Sources */ = {isa = PBXBuildFile; fileRef = FA3183722B557B0200227CD5 /* ServiceRepository.swift */; };
		FA3183752B557B6800227CD5 /* Common.swift in Sources */ = {isa = PBXBuildFile; fileRef = FA3183742B557B6800227CD5 /* Common.swift */; };
		FA3183772B557BA200227CD5 /* PopularMovieService.swift in Sources */ = {isa = PBXBuildFile; fileRef = FA3183762B557BA200227CD5 /* PopularMovieService.swift */; };
/* End PBXBuildFile section */

/* Begin PBXFileReference section */
		FA3183562B55776600227CD5 /* ETNetworkExample.app */ = {isa = PBXFileReference; explicitFileType = wrapper.application; includeInIndex = 0; path = ETNetworkExample.app; sourceTree = BUILT_PRODUCTS_DIR; };
		FA3183592B55776600227CD5 /* AppDelegate.swift */ = {isa = PBXFileReference; lastKnownFileType = sourcecode.swift; path = AppDelegate.swift; sourceTree = "<group>"; };
		FA31835B2B55776600227CD5 /* SceneDelegate.swift */ = {isa = PBXFileReference; lastKnownFileType = sourcecode.swift; path = SceneDelegate.swift; sourceTree = "<group>"; };
		FA31835D2B55776600227CD5 /* ViewController.swift */ = {isa = PBXFileReference; lastKnownFileType = sourcecode.swift; path = ViewController.swift; sourceTree = "<group>"; };
		FA3183602B55776600227CD5 /* Base */ = {isa = PBXFileReference; lastKnownFileType = file.storyboard; name = Base; path = Base.lproj/Main.storyboard; sourceTree = "<group>"; };
		FA3183622B55776800227CD5 /* Assets.xcassets */ = {isa = PBXFileReference; lastKnownFileType = folder.assetcatalog; path = Assets.xcassets; sourceTree = "<group>"; };
		FA3183652B55776800227CD5 /* Base */ = {isa = PBXFileReference; lastKnownFileType = file.storyboard; name = Base; path = Base.lproj/LaunchScreen.storyboard; sourceTree = "<group>"; };
		FA3183672B55776800227CD5 /* Info.plist */ = {isa = PBXFileReference; lastKnownFileType = text.plist.xml; path = Info.plist; sourceTree = "<group>"; };
		FA3183722B557B0200227CD5 /* ServiceRepository.swift */ = {isa = PBXFileReference; lastKnownFileType = sourcecode.swift; path = ServiceRepository.swift; sourceTree = "<group>"; };
		FA3183742B557B6800227CD5 /* Common.swift */ = {isa = PBXFileReference; lastKnownFileType = sourcecode.swift; path = Common.swift; sourceTree = "<group>"; };
		FA3183762B557BA200227CD5 /* PopularMovieService.swift */ = {isa = PBXFileReference; lastKnownFileType = sourcecode.swift; path = PopularMovieService.swift; sourceTree = "<group>"; };
/* End PBXFileReference section */

/* Begin PBXFrameworksBuildPhase section */
		FA3183532B55776600227CD5 /* Frameworks */ = {
			isa = PBXFrameworksBuildPhase;
			buildActionMask = 2147483647;
			files = (
				FA31836F2B5577C000227CD5 /* ETNetwork in Frameworks */,
			);
			runOnlyForDeploymentPostprocessing = 0;
		};
/* End PBXFrameworksBuildPhase section */

/* Begin PBXGroup section */
		FA31834D2B55776600227CD5 = {
			isa = PBXGroup;
			children = (
				FA3183582B55776600227CD5 /* ETNetworkExample */,
				FA3183572B55776600227CD5 /* Products */,
			);
			sourceTree = "<group>";
		};
		FA3183572B55776600227CD5 /* Products */ = {
			isa = PBXGroup;
			children = (
				FA3183562B55776600227CD5 /* ETNetworkExample.app */,
			);
			name = Products;
			sourceTree = "<group>";
		};
		FA3183582B55776600227CD5 /* ETNetworkExample */ = {
			isa = PBXGroup;
			children = (
				FA3183592B55776600227CD5 /* AppDelegate.swift */,
				FA31835B2B55776600227CD5 /* SceneDelegate.swift */,
				FA31835D2B55776600227CD5 /* ViewController.swift */,
				FA3183702B557AD400227CD5 /* ServiceRepository */,
				FA31835F2B55776600227CD5 /* Main.storyboard */,
				FA3183622B55776800227CD5 /* Assets.xcassets */,
				FA3183642B55776800227CD5 /* LaunchScreen.storyboard */,
				FA3183672B55776800227CD5 /* Info.plist */,
			);
			path = ETNetworkExample;
			sourceTree = "<group>";
		};
		FA3183702B557AD400227CD5 /* ServiceRepository */ = {
			isa = PBXGroup;
			children = (
				FA3183712B557AF600227CD5 /* Base */,
			);
			path = ServiceRepository;
			sourceTree = "<group>";
		};
		FA3183712B557AF600227CD5 /* Base */ = {
			isa = PBXGroup;
			children = (
				FA3183742B557B6800227CD5 /* Common.swift */,
				FA3183762B557BA200227CD5 /* PopularMovieService.swift */,
				FA3183722B557B0200227CD5 /* ServiceRepository.swift */,
			);
			path = Base;
			sourceTree = "<group>";
		};
/* End PBXGroup section */

/* Begin PBXNativeTarget section */
		FA3183552B55776600227CD5 /* ETNetworkExample */ = {
			isa = PBXNativeTarget;
			buildConfigurationList = FA31836A2B55776800227CD5 /* Build configuration list for PBXNativeTarget "ETNetworkExample" */;
			buildPhases = (
				FA3183522B55776600227CD5 /* Sources */,
				FA3183532B55776600227CD5 /* Frameworks */,
				FA3183542B55776600227CD5 /* Resources */,
			);
			buildRules = (
			);
			dependencies = (
			);
			name = ETNetworkExample;
			packageProductDependencies = (
				FA31836E2B5577C000227CD5 /* ETNetwork */,
			);
			productName = ETNetworkExample;
			productReference = FA3183562B55776600227CD5 /* ETNetworkExample.app */;
			productType = "com.apple.product-type.application";
		};
/* End PBXNativeTarget section */

/* Begin PBXProject section */
		FA31834E2B55776600227CD5 /* Project object */ = {
			isa = PBXProject;
			attributes = {
				BuildIndependentTargetsInParallel = 1;
				LastSwiftUpdateCheck = 1500;
				LastUpgradeCheck = 1500;
				TargetAttributes = {
					FA3183552B55776600227CD5 = {
						CreatedOnToolsVersion = 15.0;
					};
				};
			};
			buildConfigurationList = FA3183512B55776600227CD5 /* Build configuration list for PBXProject "ETNetworkExample" */;
			compatibilityVersion = "Xcode 14.0";
			developmentRegion = en;
			hasScannedForEncodings = 0;
			knownRegions = (
				en,
				Base,
			);
			mainGroup = FA31834D2B55776600227CD5;
			packageReferences = (
				FA31836D2B5577C000227CD5 /* XCRemoteSwiftPackageReference "ETNetwork" */,
			);
			productRefGroup = FA3183572B55776600227CD5 /* Products */;
			projectDirPath = "";
			projectRoot = "";
			targets = (
				FA3183552B55776600227CD5 /* ETNetworkExample */,
			);
		};
/* End PBXProject section */

/* Begin PBXResourcesBuildPhase section */
		FA3183542B55776600227CD5 /* Resources */ = {
			isa = PBXResourcesBuildPhase;
			buildActionMask = 2147483647;
			files = (
				FA3183662B55776800227CD5 /* LaunchScreen.storyboard in Resources */,
				FA3183632B55776800227CD5 /* Assets.xcassets in Resources */,
				FA3183612B55776600227CD5 /* Main.storyboard in Resources */,
			);
			runOnlyForDeploymentPostprocessing = 0;
		};
/* End PBXResourcesBuildPhase section */

/* Begin PBXSourcesBuildPhase section */
		FA3183522B55776600227CD5 /* Sources */ = {
			isa = PBXSourcesBuildPhase;
			buildActionMask = 2147483647;
			files = (
				FA31835E2B55776600227CD5 /* ViewController.swift in Sources */,
				FA31835A2B55776600227CD5 /* AppDelegate.swift in Sources */,
				FA3183772B557BA200227CD5 /* PopularMovieService.swift in Sources */,
				FA31835C2B55776600227CD5 /* SceneDelegate.swift in Sources */,
				FA3183752B557B6800227CD5 /* Common.swift in Sources */,
				FA3183732B557B0200227CD5 /* ServiceRepository.swift in Sources */,
			);
			runOnlyForDeploymentPostprocessing = 0;
		};
/* End PBXSourcesBuildPhase section */

/* Begin PBXVariantGroup section */
		FA31835F2B55776600227CD5 /* Main.storyboard */ = {
			isa = PBXVariantGroup;
			children = (
				FA3183602B55776600227CD5 /* Base */,
			);
			name = Main.storyboard;
			sourceTree = "<group>";
		};
		FA3183642B55776800227CD5 /* LaunchScreen.storyboard */ = {
			isa = PBXVariantGroup;
			children = (
				FA3183652B55776800227CD5 /* Base */,
			);
			name = LaunchScreen.storyboard;
			sourceTree = "<group>";
		};
/* End PBXVariantGroup section */

/* Begin XCBuildConfiguration section */
		FA3183682B55776800227CD5 /* Debug */ = {
			isa = XCBuildConfiguration;
			buildSettings = {
				ALWAYS_SEARCH_USER_PATHS = NO;
				ASSETCATALOG_COMPILER_GENERATE_SWIFT_ASSET_SYMBOL_EXTENSIONS = YES;
				CLANG_ANALYZER_NONNULL = YES;
				CLANG_ANALYZER_NUMBER_OBJECT_CONVERSION = YES_AGGRESSIVE;
				CLANG_CXX_LANGUAGE_STANDARD = "gnu++20";
				CLANG_ENABLE_MODULES = YES;
				CLANG_ENABLE_OBJC_ARC = YES;
				CLANG_ENABLE_OBJC_WEAK = YES;
				CLANG_WARN_BLOCK_CAPTURE_AUTORELEASING = YES;
				CLANG_WARN_BOOL_CONVERSION = YES;
				CLANG_WARN_COMMA = YES;
				CLANG_WARN_CONSTANT_CONVERSION = YES;
				CLANG_WARN_DEPRECATED_OBJC_IMPLEMENTATIONS = YES;
				CLANG_WARN_DIRECT_OBJC_ISA_USAGE = YES_ERROR;
				CLANG_WARN_DOCUMENTATION_COMMENTS = YES;
				CLANG_WARN_EMPTY_BODY = YES;
				CLANG_WARN_ENUM_CONVERSION = YES;
				CLANG_WARN_INFINITE_RECURSION = YES;
				CLANG_WARN_INT_CONVERSION = YES;
				CLANG_WARN_NON_LITERAL_NULL_CONVERSION = YES;
				CLANG_WARN_OBJC_IMPLICIT_RETAIN_SELF = YES;
				CLANG_WARN_OBJC_LITERAL_CONVERSION = YES;
				CLANG_WARN_OBJC_ROOT_CLASS = YES_ERROR;
				CLANG_WARN_QUOTED_INCLUDE_IN_FRAMEWORK_HEADER = YES;
				CLANG_WARN_RANGE_LOOP_ANALYSIS = YES;
				CLANG_WARN_STRICT_PROTOTYPES = YES;
				CLANG_WARN_SUSPICIOUS_MOVE = YES;
				CLANG_WARN_UNGUARDED_AVAILABILITY = YES_AGGRESSIVE;
				CLANG_WARN_UNREACHABLE_CODE = YES;
				CLANG_WARN__DUPLICATE_METHOD_MATCH = YES;
				COPY_PHASE_STRIP = NO;
				DEBUG_INFORMATION_FORMAT = dwarf;
				ENABLE_STRICT_OBJC_MSGSEND = YES;
				ENABLE_TESTABILITY = YES;
				ENABLE_USER_SCRIPT_SANDBOXING = YES;
				GCC_C_LANGUAGE_STANDARD = gnu17;
				GCC_DYNAMIC_NO_PIC = NO;
				GCC_NO_COMMON_BLOCKS = YES;
				GCC_OPTIMIZATION_LEVEL = 0;
				GCC_PREPROCESSOR_DEFINITIONS = (
					"DEBUG=1",
					"$(inherited)",
				);
				GCC_WARN_64_TO_32_BIT_CONVERSION = YES;
				GCC_WARN_ABOUT_RETURN_TYPE = YES_ERROR;
				GCC_WARN_UNDECLARED_SELECTOR = YES;
				GCC_WARN_UNINITIALIZED_AUTOS = YES_AGGRESSIVE;
				GCC_WARN_UNUSED_FUNCTION = YES;
				GCC_WARN_UNUSED_VARIABLE = YES;
				IPHONEOS_DEPLOYMENT_TARGET = 17.0;
				LOCALIZATION_PREFERS_STRING_CATALOGS = YES;
				MTL_ENABLE_DEBUG_INFO = INCLUDE_SOURCE;
				MTL_FAST_MATH = YES;
				ONLY_ACTIVE_ARCH = YES;
				SDKROOT = iphoneos;
				SWIFT_ACTIVE_COMPILATION_CONDITIONS = "DEBUG $(inherited)";
				SWIFT_OPTIMIZATION_LEVEL = "-Onone";
			};
			name = Debug;
		};
		FA3183692B55776800227CD5 /* Release */ = {
			isa = XCBuildConfiguration;
			buildSettings = {
				ALWAYS_SEARCH_USER_PATHS = NO;
				ASSETCATALOG_COMPILER_GENERATE_SWIFT_ASSET_SYMBOL_EXTENSIONS = YES;
				CLANG_ANALYZER_NONNULL = YES;
				CLANG_ANALYZER_NUMBER_OBJECT_CONVERSION = YES_AGGRESSIVE;
				CLANG_CXX_LANGUAGE_STANDARD = "gnu++20";
				CLANG_ENABLE_MODULES = YES;
				CLANG_ENABLE_OBJC_ARC = YES;
				CLANG_ENABLE_OBJC_WEAK = YES;
				CLANG_WARN_BLOCK_CAPTURE_AUTORELEASING = YES;
				CLANG_WARN_BOOL_CONVERSION = YES;
				CLANG_WARN_COMMA = YES;
				CLANG_WARN_CONSTANT_CONVERSION = YES;
				CLANG_WARN_DEPRECATED_OBJC_IMPLEMENTATIONS = YES;
				CLANG_WARN_DIRECT_OBJC_ISA_USAGE = YES_ERROR;
				CLANG_WARN_DOCUMENTATION_COMMENTS = YES;
				CLANG_WARN_EMPTY_BODY = YES;
				CLANG_WARN_ENUM_CONVERSION = YES;
				CLANG_WARN_INFINITE_RECURSION = YES;
				CLANG_WARN_INT_CONVERSION = YES;
				CLANG_WARN_NON_LITERAL_NULL_CONVERSION = YES;
				CLANG_WARN_OBJC_IMPLICIT_RETAIN_SELF = YES;
				CLANG_WARN_OBJC_LITERAL_CONVERSION = YES;
				CLANG_WARN_OBJC_ROOT_CLASS = YES_ERROR;
				CLANG_WARN_QUOTED_INCLUDE_IN_FRAMEWORK_HEADER = YES;
				CLANG_WARN_RANGE_LOOP_ANALYSIS = YES;
				CLANG_WARN_STRICT_PROTOTYPES = YES;
				CLANG_WARN_SUSPICIOUS_MOVE = YES;
				CLANG_WARN_UNGUARDED_AVAILABILITY = YES_AGGRESSIVE;
				CLANG_WARN_UNREACHABLE_CODE = YES;
				CLANG_WARN__DUPLICATE_METHOD_MATCH = YES;
				COPY_PHASE_STRIP = NO;
				DEBUG_INFORMATION_FORMAT = "dwarf-with-dsym";
				ENABLE_NS_ASSERTIONS = NO;
				ENABLE_STRICT_OBJC_MSGSEND = YES;
				ENABLE_USER_SCRIPT_SANDBOXING = YES;
				GCC_C_LANGUAGE_STANDARD = gnu17;
				GCC_NO_COMMON_BLOCKS = YES;
				GCC_WARN_64_TO_32_BIT_CONVERSION = YES;
				GCC_WARN_ABOUT_RETURN_TYPE = YES_ERROR;
				GCC_WARN_UNDECLARED_SELECTOR = YES;
				GCC_WARN_UNINITIALIZED_AUTOS = YES_AGGRESSIVE;
				GCC_WARN_UNUSED_FUNCTION = YES;
				GCC_WARN_UNUSED_VARIABLE = YES;
				IPHONEOS_DEPLOYMENT_TARGET = 17.0;
				LOCALIZATION_PREFERS_STRING_CATALOGS = YES;
				MTL_ENABLE_DEBUG_INFO = NO;
				MTL_FAST_MATH = YES;
				SDKROOT = iphoneos;
				SWIFT_COMPILATION_MODE = wholemodule;
				VALIDATE_PRODUCT = YES;
			};
			name = Release;
		};
		FA31836B2B55776800227CD5 /* Debug */ = {
			isa = XCBuildConfiguration;
			buildSettings = {
				ASSETCATALOG_COMPILER_APPICON_NAME = AppIcon;
				ASSETCATALOG_COMPILER_GLOBAL_ACCENT_COLOR_NAME = AccentColor;
				CODE_SIGN_STYLE = Automatic;
				CURRENT_PROJECT_VERSION = 1;
				GENERATE_INFOPLIST_FILE = YES;
				INFOPLIST_FILE = ETNetworkExample/Info.plist;
				INFOPLIST_KEY_UIApplicationSupportsIndirectInputEvents = YES;
				INFOPLIST_KEY_UILaunchStoryboardName = LaunchScreen;
				INFOPLIST_KEY_UIMainStoryboardFile = Main;
				INFOPLIST_KEY_UISupportedInterfaceOrientations_iPad = "UIInterfaceOrientationPortrait UIInterfaceOrientationPortraitUpsideDown UIInterfaceOrientationLandscapeLeft UIInterfaceOrientationLandscapeRight";
				INFOPLIST_KEY_UISupportedInterfaceOrientations_iPhone = "UIInterfaceOrientationPortrait UIInterfaceOrientationLandscapeLeft UIInterfaceOrientationLandscapeRight";
				LD_RUNPATH_SEARCH_PATHS = (
					"$(inherited)",
					"@executable_path/Frameworks",
				);
				MARKETING_VERSION = 1.0;
				PRODUCT_BUNDLE_IDENTIFIER = com.emrahturan.ETNetworkExample;
				PRODUCT_NAME = "$(TARGET_NAME)";
				SWIFT_EMIT_LOC_STRINGS = YES;
				SWIFT_VERSION = 5.0;
				TARGETED_DEVICE_FAMILY = "1,2";
			};
			name = Debug;
		};
		FA31836C2B55776800227CD5 /* Release */ = {
			isa = XCBuildConfiguration;
			buildSettings = {
				ASSETCATALOG_COMPILER_APPICON_NAME = AppIcon;
				ASSETCATALOG_COMPILER_GLOBAL_ACCENT_COLOR_NAME = AccentColor;
				CODE_SIGN_STYLE = Automatic;
				CURRENT_PROJECT_VERSION = 1;
				GENERATE_INFOPLIST_FILE = YES;
				INFOPLIST_FILE = ETNetworkExample/Info.plist;
				INFOPLIST_KEY_UIApplicationSupportsIndirectInputEvents = YES;
				INFOPLIST_KEY_UILaunchStoryboardName = LaunchScreen;
				INFOPLIST_KEY_UIMainStoryboardFile = Main;
				INFOPLIST_KEY_UISupportedInterfaceOrientations_iPad = "UIInterfaceOrientationPortrait UIInterfaceOrientationPortraitUpsideDown UIInterfaceOrientationLandscapeLeft UIInterfaceOrientationLandscapeRight";
				INFOPLIST_KEY_UISupportedInterfaceOrientations_iPhone = "UIInterfaceOrientationPortrait UIInterfaceOrientationLandscapeLeft UIInterfaceOrientationLandscapeRight";
				LD_RUNPATH_SEARCH_PATHS = (
					"$(inherited)",
					"@executable_path/Frameworks",
				);
				MARKETING_VERSION = 1.0;
				PRODUCT_BUNDLE_IDENTIFIER = com.emrahturan.ETNetworkExample;
				PRODUCT_NAME = "$(TARGET_NAME)";
				SWIFT_EMIT_LOC_STRINGS = YES;
				SWIFT_VERSION = 5.0;
				TARGETED_DEVICE_FAMILY = "1,2";
			};
			name = Release;
		};
/* End XCBuildConfiguration section */

/* Begin XCConfigurationList section */
		FA3183512B55776600227CD5 /* Build configuration list for PBXProject "ETNetworkExample" */ = {
			isa = XCConfigurationList;
			buildConfigurations = (
				FA3183682B55776800227CD5 /* Debug */,
				FA3183692B55776800227CD5 /* Release */,
			);
			defaultConfigurationIsVisible = 0;
			defaultConfigurationName = Release;
		};
		FA31836A2B55776800227CD5 /* Build configuration list for PBXNativeTarget "ETNetworkExample" */ = {
			isa = XCConfigurationList;
			buildConfigurations = (
				FA31836B2B55776800227CD5 /* Debug */,
				FA31836C2B55776800227CD5 /* Release */,
			);
			defaultConfigurationIsVisible = 0;
			defaultConfigurationName = Release;
		};
/* End XCConfigurationList section */

/* Begin XCRemoteSwiftPackageReference section */
		FA31836D2B5577C000227CD5 /* XCRemoteSwiftPackageReference "ETNetwork" */ = {
			isa = XCRemoteSwiftPackageReference;
			repositoryURL = "https://github.com/emrahturan/ETNetwork";
			requirement = {
				kind = upToNextMajorVersion;
				minimumVersion = 0.0.2;
			};
		};
/* End XCRemoteSwiftPackageReference section */

/* Begin XCSwiftPackageProductDependency section */
		FA31836E2B5577C000227CD5 /* ETNetwork */ = {
			isa = XCSwiftPackageProductDependency;
			package = FA31836D2B5577C000227CD5 /* XCRemoteSwiftPackageReference "ETNetwork" */;
			productName = ETNetwork;
		};
/* End XCSwiftPackageProductDependency section */
	};
	rootObject = FA31834E2B55776600227CD5 /* Project object */;
}
